
Microsoft Visual Studio Solution File, Format Version 12.00
Project("{FAE04EC0-301F-11D3-BF4B-00C04F79EFBC}") = "ASP-NET-CORE-WEB-API", "ASP-NET-CORE-WEB-API.csproj", "{5FD14906-4F21-4580-8A1E-C860B2D98845}"
EndProject
Global
	GlobalSection(SolutionConfigurationPlatforms) = preSolution
		Debug|Any CPU = Debug|Any CPU
		Release|Any CPU = Release|Any CPU
	EndGlobalSection
	GlobalSection(ProjectConfigurationPlatforms) = postSolution
		{5FD14906-4F21-4580-8A1E-C860B2D98845}.Debug|Any CPU.ActiveCfg = Debug|Any CPU
		{5FD14906-4F21-4580-8A1E-C860B2D98845}.Debug|Any CPU.Build.0 = Debug|Any CPU
		{5FD14906-4F21-4580-8A1E-C860B2D98845}.Release|Any CPU.ActiveCfg = Release|Any CPU
		{5FD14906-4F21-4580-8A1E-C860B2D98845}.Release|Any CPU.Build.0 = Release|Any CPU
	EndGlobalSection
EndGlobal
